# THIS IS AN AUTOGENERATED FILE. DO NOT EDIT THIS FILE DIRECTLY.
# yarn lockfile v1


"@anthropic-ai/sdk@^0.4.2":
  "version" "0.4.3"
  dependencies:
    "@fortaine/fetch-event-source" "^3.0.6"
    "cross-fetch" "^3.1.5"

"@arcanis/slice-ansi@^1.1.1":
  "version" "1.1.1"
  dependencies:
    "grapheme-splitter" "^1.0.4"

"@babel/runtime@^7.20.7":
  "version" "7.21.0"
  dependencies:
    "regenerator-runtime" "^0.13.11"

"@eslint-community/eslint-utils@^4.2.0":
  "version" "4.4.0"
  dependencies:
    "eslint-visitor-keys" "^3.3.0"

"@eslint-community/regexpp@^4.4.0":
  "version" "4.5.0"

"@eslint/eslintrc@^2.0.2":
  "version" "2.0.2"
  dependencies:
    "ajv" "^6.12.4"
    "debug" "^4.3.2"
    "espree" "^9.5.1"
    "globals" "^13.19.0"
    "ignore" "^5.2.0"
    "import-fresh" "^3.2.1"
    "js-yaml" "^4.1.0"
    "minimatch" "^3.1.2"
    "strip-json-comments" "^3.1.1"

"@eslint/js@8.37.0":
  "version" "8.37.0"

"@fortaine/fetch-event-source@^3.0.6":
  "version" "3.0.6"

"@headlessui/react@^1.7.13":
  "integrity" "sha512-9n+EQKRtD9266xIHXdY5MfiXPDfYwl7zBM7KOx2Ae3Gdgxy8QML1FkCMjq6AsOf0l6N9uvI4HcFtuFlenaldKg=="
  "resolved" "https://registry.npmjs.org/@headlessui/react/-/react-1.7.13.tgz"
  "version" "1.7.13"
  dependencies:
    "client-only" "^0.0.1"

"@humanwhocodes/config-array@^0.11.8":
  "version" "0.11.8"
  dependencies:
    "@humanwhocodes/object-schema" "^1.2.1"
    "debug" "^4.1.1"
    "minimatch" "^3.0.5"

"@humanwhocodes/module-importer@^1.0.1":
  "version" "1.0.1"

"@humanwhocodes/object-schema@^1.2.1":
  "version" "1.2.1"

"@next/env@13.3.0":
  "version" "13.3.0"

"@next/eslint-plugin-next@^13.3.0", "@next/eslint-plugin-next@13.3.0":
  "version" "13.3.0"
  dependencies:
    "glob" "7.1.7"

"@next/swc-linux-x64-gnu@13.3.0":
  "version" "13.3.0"

"@nodelib/fs.scandir@2.1.5":
  "version" "2.1.5"
  dependencies:
    "@nodelib/fs.stat" "2.0.5"
    "run-parallel" "^1.1.9"

"@nodelib/fs.stat@^2.0.2", "@nodelib/fs.stat@2.0.5":
  "version" "2.0.5"

"@nodelib/fs.walk@^1.2.3", "@nodelib/fs.walk@^1.2.8":
  "version" "1.2.8"
  dependencies:
    "@nodelib/fs.scandir" "2.1.5"
    "fastq" "^1.6.0"

"@pkgr/utils@^2.3.1":
  "version" "2.3.1"
  dependencies:
    "cross-spawn" "^7.0.3"
    "is-glob" "^4.0.3"
    "open" "^8.4.0"
    "picocolors" "^1.0.0"
    "tiny-glob" "^0.2.9"
    "tslib" "^2.4.0"

"@rushstack/eslint-patch@^1.1.3":
  "version" "1.2.0"

"@sindresorhus/is@^4.0.0":
  "version" "4.6.0"

"@swc/helpers@0.4.14":
  "version" "0.4.14"
  dependencies:
    "tslib" "^2.4.0"

"@szmarczak/http-timer@^4.0.5":
  "version" "4.0.6"
  dependencies:
    "defer-to-connect" "^2.0.0"

"@types/cacheable-request@^6.0.1":
  "version" "6.0.3"
  dependencies:
    "@types/http-cache-semantics" "*"
    "@types/keyv" "^3.1.4"
    "@types/node" "*"
    "@types/responselike" "^1.0.0"

"@types/debounce@^1.2.1":
  "version" "1.2.1"

"@types/emscripten@^1.39.6":
  "version" "1.39.6"

"@types/http-cache-semantics@*":
  "version" "4.0.1"

"@types/json-schema@^7.0.9":
  "version" "7.0.11"

"@types/json5@^0.0.29":
  "version" "0.0.29"

"@types/keyv@^3.1.4":
  "version" "3.1.4"
  dependencies:
    "@types/node" "*"

"@types/node@*", "@types/node@^18.11.11", "@types/node@18.15.11":
  "version" "18.15.11"

"@types/prop-types@*":
  "version" "15.7.5"

"@types/react-dom@18.0.11":
  "version" "18.0.11"
  dependencies:
    "@types/react" "*"

"@types/react@*", "@types/react@^18.0.33":
  "version" "18.0.33"
  dependencies:
    "@types/prop-types" "*"
    "@types/scheduler" "*"
    "csstype" "^3.0.2"

"@types/responselike@^1.0.0":
  "version" "1.0.0"
  dependencies:
    "@types/node" "*"

"@types/scheduler@*":
  "version" "0.16.3"

"@types/semver@^7.1.0", "@types/semver@^7.3.12":
  "version" "7.3.13"

"@types/treeify@^1.0.0":
  "version" "1.0.0"

"@typescript-eslint/eslint-plugin@^5.57.1":
  "version" "5.57.1"
  dependencies:
    "@eslint-community/regexpp" "^4.4.0"
    "@typescript-eslint/scope-manager" "5.57.1"
    "@typescript-eslint/type-utils" "5.57.1"
    "@typescript-eslint/utils" "5.57.1"
    "debug" "^4.3.4"
    "grapheme-splitter" "^1.0.4"
    "ignore" "^5.2.0"
    "natural-compare-lite" "^1.4.0"
    "semver" "^7.3.7"
    "tsutils" "^3.21.0"

"@typescript-eslint/parser@^5.0.0", "@typescript-eslint/parser@^5.42.0", "@typescript-eslint/parser@^5.57.1":
  "version" "5.57.1"
  dependencies:
    "@typescript-eslint/scope-manager" "5.57.1"
    "@typescript-eslint/types" "5.57.1"
    "@typescript-eslint/typescript-estree" "5.57.1"
    "debug" "^4.3.4"

"@typescript-eslint/scope-manager@5.57.1":
  "version" "5.57.1"
  dependencies:
    "@typescript-eslint/types" "5.57.1"
    "@typescript-eslint/visitor-keys" "5.57.1"

"@typescript-eslint/type-utils@5.57.1":
  "version" "5.57.1"
  dependencies:
    "@typescript-eslint/typescript-estree" "5.57.1"
    "@typescript-eslint/utils" "5.57.1"
    "debug" "^4.3.4"
    "tsutils" "^3.21.0"

"@typescript-eslint/types@5.57.1":
  "version" "5.57.1"

"@typescript-eslint/typescript-estree@5.57.1":
  "version" "5.57.1"
  dependencies:
    "@typescript-eslint/types" "5.57.1"
    "@typescript-eslint/visitor-keys" "5.57.1"
    "debug" "^4.3.4"
    "globby" "^11.1.0"
    "is-glob" "^4.0.3"
    "semver" "^7.3.7"
    "tsutils" "^3.21.0"

"@typescript-eslint/utils@5.57.1":
  "version" "5.57.1"
  dependencies:
    "@eslint-community/eslint-utils" "^4.2.0"
    "@types/json-schema" "^7.0.9"
    "@types/semver" "^7.3.12"
    "@typescript-eslint/scope-manager" "5.57.1"
    "@typescript-eslint/types" "5.57.1"
    "@typescript-eslint/typescript-estree" "5.57.1"
    "eslint-scope" "^5.1.1"
    "semver" "^7.3.7"

"@typescript-eslint/visitor-keys@5.57.1":
  "version" "5.57.1"
  dependencies:
    "@typescript-eslint/types" "5.57.1"
    "eslint-visitor-keys" "^3.3.0"

"@yarnpkg/core@^4.0.0-rc.42":
  "version" "4.0.0-rc.42"
  dependencies:
    "@arcanis/slice-ansi" "^1.1.1"
    "@types/semver" "^7.1.0"
    "@types/treeify" "^1.0.0"
    "@yarnpkg/fslib" "^3.0.0-rc.42"
    "@yarnpkg/libzip" "^3.0.0-rc.42"
    "@yarnpkg/parsers" "^3.0.0-rc.42"
    "@yarnpkg/shell" "^4.0.0-rc.42"
    "camelcase" "^5.3.1"
    "chalk" "^3.0.0"
    "ci-info" "^3.2.0"
    "clipanion" "^3.2.0-rc.10"
    "cross-spawn" "7.0.3"
    "diff" "^5.1.0"
    "globby" "^11.0.1"
    "got" "^11.7.0"
    "lodash" "^4.17.15"
    "micromatch" "^4.0.2"
    "p-limit" "^2.2.0"
    "semver" "^7.1.2"
    "strip-ansi" "^6.0.0"
    "tar" "^6.0.5"
    "tinylogic" "^2.0.0"
    "treeify" "^1.1.0"
    "tslib" "^2.4.0"
    "tunnel" "^0.0.6"

"@yarnpkg/fslib@^3.0.0-rc.42":
  "version" "3.0.0-rc.42"
  dependencies:
    "tslib" "^2.4.0"

"@yarnpkg/libzip@^3.0.0-rc.42":
  "version" "3.0.0-rc.42"
  dependencies:
    "@types/emscripten" "^1.39.6"
    "@yarnpkg/fslib" "^3.0.0-rc.42"
    "tslib" "^2.4.0"

"@yarnpkg/nm@^4.0.0-rc.42":
  "version" "4.0.0-rc.42"
  dependencies:
    "@yarnpkg/core" "^4.0.0-rc.42"
    "@yarnpkg/fslib" "^3.0.0-rc.42"
    "@yarnpkg/pnp" "^4.0.0-rc.42"

"@yarnpkg/parsers@^3.0.0-rc.42":
  "version" "3.0.0-rc.42"
  dependencies:
    "js-yaml" "^3.10.0"
    "tslib" "^2.4.0"

"@yarnpkg/pnp@^4.0.0-rc.42":
  "version" "4.0.0-rc.42"
  dependencies:
    "@types/node" "^18.11.11"
    "@yarnpkg/fslib" "^3.0.0-rc.42"

"@yarnpkg/pnpify@^4.0.0-rc.42":
  "version" "4.0.0-rc.42"
  dependencies:
    "@yarnpkg/core" "^4.0.0-rc.42"
    "@yarnpkg/fslib" "^3.0.0-rc.42"
    "@yarnpkg/nm" "^4.0.0-rc.42"
    "clipanion" "^3.2.0-rc.10"
    "tslib" "^2.4.0"

"@yarnpkg/shell@^4.0.0-rc.42":
  "version" "4.0.0-rc.42"
  dependencies:
    "@yarnpkg/fslib" "^3.0.0-rc.42"
    "@yarnpkg/parsers" "^3.0.0-rc.42"
    "chalk" "^3.0.0"
    "clipanion" "^3.2.0-rc.10"
    "cross-spawn" "7.0.3"
    "fast-glob" "^3.2.2"
    "micromatch" "^4.0.2"
    "tslib" "^2.4.0"

"acorn-jsx@^5.3.2":
  "version" "5.3.2"

"acorn@^6.0.0 || ^7.0.0 || ^8.0.0", "acorn@^8.8.0":
  "version" "8.8.2"

"ajv@^6.10.0", "ajv@^6.12.4":
  "version" "6.12.6"
  dependencies:
    "fast-deep-equal" "^3.1.1"
    "fast-json-stable-stringify" "^2.0.0"
    "json-schema-traverse" "^0.4.1"
    "uri-js" "^4.2.2"

"ansi-regex@^5.0.1":
  "version" "5.0.1"

"ansi-styles@^4.1.0":
  "version" "4.3.0"
  dependencies:
    "color-convert" "^2.0.1"

"any-promise@^1.0.0":
  "version" "1.3.0"

"anymatch@~3.1.2":
  "version" "3.1.3"
  dependencies:
    "normalize-path" "^3.0.0"
    "picomatch" "^2.0.4"

"arg@^5.0.2":
  "version" "5.0.2"

"argparse@^1.0.7":
  "version" "1.0.10"
  dependencies:
    "sprintf-js" "~1.0.2"

"argparse@^2.0.1":
  "version" "2.0.1"

"aria-query@^5.1.3":
  "version" "5.1.3"
  dependencies:
    "deep-equal" "^2.0.5"

"array-buffer-byte-length@^1.0.0":
  "version" "1.0.0"
  dependencies:
    "call-bind" "^1.0.2"
    "is-array-buffer" "^3.0.1"

"array-includes@^3.1.5", "array-includes@^3.1.6":
  "version" "3.1.6"
  dependencies:
    "call-bind" "^1.0.2"
    "define-properties" "^1.1.4"
    "es-abstract" "^1.20.4"
    "get-intrinsic" "^1.1.3"
    "is-string" "^1.0.7"

"array-union@^2.1.0":
  "version" "2.1.0"

"array.prototype.flat@^1.3.1":
  "version" "1.3.1"
  dependencies:
    "call-bind" "^1.0.2"
    "define-properties" "^1.1.4"
    "es-abstract" "^1.20.4"
    "es-shim-unscopables" "^1.0.0"

"array.prototype.flatmap@^1.3.1":
  "version" "1.3.1"
  dependencies:
    "call-bind" "^1.0.2"
    "define-properties" "^1.1.4"
    "es-abstract" "^1.20.4"
    "es-shim-unscopables" "^1.0.0"

"array.prototype.tosorted@^1.1.1":
  "version" "1.1.1"
  dependencies:
    "call-bind" "^1.0.2"
    "define-properties" "^1.1.4"
    "es-abstract" "^1.20.4"
    "es-shim-unscopables" "^1.0.0"
    "get-intrinsic" "^1.1.3"

"ast-types-flow@^0.0.7":
  "version" "0.0.7"

"asynckit@^0.4.0":
  "version" "0.4.0"

"autoprefixer@10.4.14":
  "version" "10.4.14"
  dependencies:
    "browserslist" "^4.21.5"
    "caniuse-lite" "^1.0.30001464"
    "fraction.js" "^4.2.0"
    "normalize-range" "^0.1.2"
    "picocolors" "^1.0.0"
    "postcss-value-parser" "^4.2.0"

"available-typed-arrays@^1.0.5":
  "version" "1.0.5"

"axe-core@^4.6.2":
  "version" "4.6.3"

"axios@^0.26.0":
  "version" "0.26.1"
  dependencies:
    "follow-redirects" "^1.14.8"

"axobject-query@^3.1.1":
  "version" "3.1.1"
  dependencies:
    "deep-equal" "^2.0.5"

"balanced-match@^1.0.0":
  "version" "1.0.2"

"binary-extensions@^2.0.0":
  "version" "2.2.0"

"brace-expansion@^1.1.7":
  "version" "1.1.11"
  dependencies:
    "balanced-match" "^1.0.0"
    "concat-map" "0.0.1"

"braces@^3.0.2", "braces@~3.0.2":
  "version" "3.0.2"
  dependencies:
    "fill-range" "^7.0.1"

"browser-or-node@^2.1.1":
  "version" "2.1.1"

"browserslist@^4.21.5", "browserslist@>= 4.21.0":
  "version" "4.21.5"
  dependencies:
    "caniuse-lite" "^1.0.30001449"
    "electron-to-chromium" "^1.4.284"
    "node-releases" "^2.0.8"
    "update-browserslist-db" "^1.0.10"

"busboy@1.6.0":
  "version" "1.6.0"
  dependencies:
    "streamsearch" "^1.1.0"

"cacheable-lookup@^5.0.3":
  "version" "5.0.4"

"cacheable-request@^7.0.2":
  "version" "7.0.2"
  dependencies:
    "clone-response" "^1.0.2"
    "get-stream" "^5.1.0"
    "http-cache-semantics" "^4.0.0"
    "keyv" "^4.0.0"
    "lowercase-keys" "^2.0.0"
    "normalize-url" "^6.0.1"
    "responselike" "^2.0.0"

"call-bind@^1.0.0", "call-bind@^1.0.2":
  "version" "1.0.2"
  dependencies:
    "function-bind" "^1.1.1"
    "get-intrinsic" "^1.0.2"

"callsites@^3.0.0":
  "version" "3.1.0"

"camelcase-css@^2.0.1":
  "version" "2.0.1"

"camelcase@^5.3.1":
  "version" "5.3.1"

"caniuse-lite@^1.0.30001406", "caniuse-lite@^1.0.30001449", "caniuse-lite@^1.0.30001464":
  "version" "1.0.30001474"

"chalk@^3.0.0":
  "version" "3.0.0"
  dependencies:
    "ansi-styles" "^4.1.0"
    "supports-color" "^7.1.0"

"chalk@^4.0.0":
  "version" "4.1.2"
  dependencies:
    "ansi-styles" "^4.1.0"
    "supports-color" "^7.1.0"

"chokidar@^3.5.3":
  "version" "3.5.3"
  dependencies:
    "anymatch" "~3.1.2"
    "braces" "~3.0.2"
    "glob-parent" "~5.1.2"
    "is-binary-path" "~2.1.0"
    "is-glob" "~4.0.1"
    "normalize-path" "~3.0.0"
    "readdirp" "~3.6.0"
  optionalDependencies:
    "fsevents" "~2.3.2"

"chownr@^2.0.0":
  "version" "2.0.0"

"ci-info@^3.2.0":
  "version" "3.8.0"

"client-only@^0.0.1", "client-only@0.0.1":
  "version" "0.0.1"

"clipanion@^3.2.0-rc.10":
  "version" "3.2.0"
  dependencies:
    "typanion" "^3.8.0"

"clone-response@^1.0.2":
  "version" "1.0.3"
  dependencies:
    "mimic-response" "^1.0.0"

"color-convert@^2.0.1":
  "version" "2.0.1"
  dependencies:
    "color-name" "~1.1.4"

"color-name@^1.1.4", "color-name@~1.1.4":
  "version" "1.1.4"

"combined-stream@^1.0.8":
  "version" "1.0.8"
  dependencies:
    "delayed-stream" "~1.0.0"

"commander@^4.0.0":
  "version" "4.1.1"

"concat-map@0.0.1":
  "version" "0.0.1"

"cross-fetch@^3.1.5":
  "version" "3.1.5"
  dependencies:
    "node-fetch" "2.6.7"

"cross-spawn@^7.0.2", "cross-spawn@^7.0.3", "cross-spawn@7.0.3":
  "version" "7.0.3"
  dependencies:
    "path-key" "^3.1.0"
    "shebang-command" "^2.0.0"
    "which" "^2.0.1"

"cssesc@^3.0.0":
  "version" "3.0.0"

"csstype@^3.0.2":
  "version" "3.1.2"

"damerau-levenshtein@^1.0.8":
  "version" "1.0.8"

"debounce@^1.2.1":
  "version" "1.2.1"

"debug@^3.2.7":
  "version" "3.2.7"
  dependencies:
    "ms" "^2.1.1"

"debug@^4.1.1", "debug@^4.3.2", "debug@^4.3.4":
  "version" "4.3.4"
  dependencies:
    "ms" "2.1.2"

"decompress-response@^6.0.0":
  "version" "6.0.0"
  dependencies:
    "mimic-response" "^3.1.0"

"deep-equal@^2.0.5":
  "version" "2.2.0"
  dependencies:
    "call-bind" "^1.0.2"
    "es-get-iterator" "^1.1.2"
    "get-intrinsic" "^1.1.3"
    "is-arguments" "^1.1.1"
    "is-array-buffer" "^3.0.1"
    "is-date-object" "^1.0.5"
    "is-regex" "^1.1.4"
    "is-shared-array-buffer" "^1.0.2"
    "isarray" "^2.0.5"
    "object-is" "^1.1.5"
    "object-keys" "^1.1.1"
    "object.assign" "^4.1.4"
    "regexp.prototype.flags" "^1.4.3"
    "side-channel" "^1.0.4"
    "which-boxed-primitive" "^1.0.2"
    "which-collection" "^1.0.1"
    "which-typed-array" "^1.1.9"

"deep-is@^0.1.3":
  "version" "0.1.4"

"defer-to-connect@^2.0.0":
  "version" "2.0.1"

"define-lazy-prop@^2.0.0":
  "version" "2.0.0"

"define-properties@^1.1.3", "define-properties@^1.1.4":
  "version" "1.2.0"
  dependencies:
    "has-property-descriptors" "^1.0.0"
    "object-keys" "^1.1.1"

"delayed-stream@~1.0.0":
  "version" "1.0.0"

"didyoumean@^1.2.2":
  "version" "1.2.2"

"diff@^5.1.0":
  "version" "5.1.0"

"dir-glob@^3.0.1":
  "version" "3.0.1"
  dependencies:
    "path-type" "^4.0.0"

"dlv@^1.1.3":
  "version" "1.1.3"

"doctrine@^2.1.0":
  "version" "2.1.0"
  dependencies:
    "esutils" "^2.0.2"

"doctrine@^3.0.0":
  "version" "3.0.0"
  dependencies:
    "esutils" "^2.0.2"

"electron-to-chromium@^1.4.284":
  "version" "1.4.355"

"emoji-regex@^9.2.2":
  "version" "9.2.2"

"end-of-stream@^1.1.0":
  "version" "1.4.4"
  dependencies:
    "once" "^1.4.0"

"enhanced-resolve@^5.12.0":
  "version" "5.12.0"
  dependencies:
    "graceful-fs" "^4.2.4"
    "tapable" "^2.2.0"

"es-abstract@^1.19.0", "es-abstract@^1.20.4":
  "version" "1.21.2"
  dependencies:
    "array-buffer-byte-length" "^1.0.0"
    "available-typed-arrays" "^1.0.5"
    "call-bind" "^1.0.2"
    "es-set-tostringtag" "^2.0.1"
    "es-to-primitive" "^1.2.1"
    "function.prototype.name" "^1.1.5"
    "get-intrinsic" "^1.2.0"
    "get-symbol-description" "^1.0.0"
    "globalthis" "^1.0.3"
    "gopd" "^1.0.1"
    "has" "^1.0.3"
    "has-property-descriptors" "^1.0.0"
    "has-proto" "^1.0.1"
    "has-symbols" "^1.0.3"
    "internal-slot" "^1.0.5"
    "is-array-buffer" "^3.0.2"
    "is-callable" "^1.2.7"
    "is-negative-zero" "^2.0.2"
    "is-regex" "^1.1.4"
    "is-shared-array-buffer" "^1.0.2"
    "is-string" "^1.0.7"
    "is-typed-array" "^1.1.10"
    "is-weakref" "^1.0.2"
    "object-inspect" "^1.12.3"
    "object-keys" "^1.1.1"
    "object.assign" "^4.1.4"
    "regexp.prototype.flags" "^1.4.3"
    "safe-regex-test" "^1.0.0"
    "string.prototype.trim" "^1.2.7"
    "string.prototype.trimend" "^1.0.6"
    "string.prototype.trimstart" "^1.0.6"
    "typed-array-length" "^1.0.4"
    "unbox-primitive" "^1.0.2"
    "which-typed-array" "^1.1.9"

"es-get-iterator@^1.1.2":
  "version" "1.1.3"
  dependencies:
    "call-bind" "^1.0.2"
    "get-intrinsic" "^1.1.3"
    "has-symbols" "^1.0.3"
    "is-arguments" "^1.1.1"
    "is-map" "^2.0.2"
    "is-set" "^2.0.2"
    "is-string" "^1.0.7"
    "isarray" "^2.0.5"
    "stop-iteration-iterator" "^1.0.0"

"es-set-tostringtag@^2.0.1":
  "version" "2.0.1"
  dependencies:
    "get-intrinsic" "^1.1.3"
    "has" "^1.0.3"
    "has-tostringtag" "^1.0.0"

"es-shim-unscopables@^1.0.0":
  "version" "1.0.0"
  dependencies:
    "has" "^1.0.3"

"es-to-primitive@^1.2.1":
  "version" "1.2.1"
  dependencies:
    "is-callable" "^1.1.4"
    "is-date-object" "^1.0.1"
    "is-symbol" "^1.0.2"

"escalade@^3.1.1":
  "version" "3.1.1"

"escape-string-regexp@^4.0.0":
  "version" "4.0.0"

"eslint-config-next@13.3.0":
  "version" "13.3.0"
  dependencies:
    "@next/eslint-plugin-next" "13.3.0"
    "@rushstack/eslint-patch" "^1.1.3"
    "@typescript-eslint/parser" "^5.42.0"
    "eslint-import-resolver-node" "^0.3.6"
    "eslint-import-resolver-typescript" "^3.5.2"
    "eslint-plugin-import" "^2.26.0"
    "eslint-plugin-jsx-a11y" "^6.5.1"
    "eslint-plugin-react" "^7.31.7"
    "eslint-plugin-react-hooks" "^4.5.0"

"eslint-config-prettier@8.8.0":
  "version" "8.8.0"

"eslint-import-resolver-node@^0.3.6", "eslint-import-resolver-node@^0.3.7":
  "version" "0.3.7"
  dependencies:
    "debug" "^3.2.7"
    "is-core-module" "^2.11.0"
    "resolve" "^1.22.1"

"eslint-import-resolver-typescript@^3.5.2":
  "version" "3.5.5"
  dependencies:
    "debug" "^4.3.4"
    "enhanced-resolve" "^5.12.0"
    "eslint-module-utils" "^2.7.4"
    "get-tsconfig" "^4.5.0"
    "globby" "^13.1.3"
    "is-core-module" "^2.11.0"
    "is-glob" "^4.0.3"
    "synckit" "^0.8.5"

"eslint-module-utils@^2.7.4":
  "version" "2.7.4"
  dependencies:
    "debug" "^3.2.7"

"eslint-plugin-import@*", "eslint-plugin-import@^2.26.0", "eslint-plugin-import@^2.27.5":
  "version" "2.27.5"
  dependencies:
    "array-includes" "^3.1.6"
    "array.prototype.flat" "^1.3.1"
    "array.prototype.flatmap" "^1.3.1"
    "debug" "^3.2.7"
    "doctrine" "^2.1.0"
    "eslint-import-resolver-node" "^0.3.7"
    "eslint-module-utils" "^2.7.4"
    "has" "^1.0.3"
    "is-core-module" "^2.11.0"
    "is-glob" "^4.0.3"
    "minimatch" "^3.1.2"
    "object.values" "^1.1.6"
    "resolve" "^1.22.1"
    "semver" "^6.3.0"
    "tsconfig-paths" "^3.14.1"

"eslint-plugin-jsx-a11y@^6.5.1", "eslint-plugin-jsx-a11y@^6.7.1":
  "version" "6.7.1"
  dependencies:
    "@babel/runtime" "^7.20.7"
    "aria-query" "^5.1.3"
    "array-includes" "^3.1.6"
    "array.prototype.flatmap" "^1.3.1"
    "ast-types-flow" "^0.0.7"
    "axe-core" "^4.6.2"
    "axobject-query" "^3.1.1"
    "damerau-levenshtein" "^1.0.8"
    "emoji-regex" "^9.2.2"
    "has" "^1.0.3"
    "jsx-ast-utils" "^3.3.3"
    "language-tags" "=1.0.5"
    "minimatch" "^3.1.2"
    "object.entries" "^1.1.6"
    "object.fromentries" "^2.0.6"
    "semver" "^6.3.0"

"eslint-plugin-prettier@^4.2.1":
  "version" "4.2.1"
  dependencies:
    "prettier-linter-helpers" "^1.0.0"

"eslint-plugin-react-hooks@^4.5.0", "eslint-plugin-react-hooks@^4.6.0":
  "version" "4.6.0"

"eslint-plugin-react@^7.31.7", "eslint-plugin-react@^7.32.2":
  "version" "7.32.2"
  dependencies:
    "array-includes" "^3.1.6"
    "array.prototype.flatmap" "^1.3.1"
    "array.prototype.tosorted" "^1.1.1"
    "doctrine" "^2.1.0"
    "estraverse" "^5.3.0"
    "jsx-ast-utils" "^2.4.1 || ^3.0.0"
    "minimatch" "^3.1.2"
    "object.entries" "^1.1.6"
    "object.fromentries" "^2.0.6"
    "object.hasown" "^1.1.2"
    "object.values" "^1.1.6"
    "prop-types" "^15.8.1"
    "resolve" "^2.0.0-next.4"
    "semver" "^6.3.0"
    "string.prototype.matchall" "^4.0.8"

"eslint-scope@^5.1.1":
  "version" "5.1.1"
  dependencies:
    "esrecurse" "^4.3.0"
    "estraverse" "^4.1.1"

"eslint-scope@^7.1.1":
  "version" "7.1.1"
  dependencies:
    "esrecurse" "^4.3.0"
    "estraverse" "^5.2.0"

"eslint-visitor-keys@^3.3.0", "eslint-visitor-keys@^3.4.0":
  "version" "3.4.0"

"eslint@*", "eslint@^2 || ^3 || ^4 || ^5 || ^6 || ^7.2.0 || ^8", "eslint@^3 || ^4 || ^5 || ^6 || ^7 || ^8", "eslint@^3.0.0 || ^4.0.0 || ^5.0.0 || ^6.0.0 || ^7.0.0 || ^8.0.0-0", "eslint@^6.0.0 || ^7.0.0 || ^8.0.0", "eslint@^6.0.0 || ^7.0.0 || >=8.0.0", "eslint@^7.23.0 || ^8.0.0", "eslint@>=7.0.0", "eslint@>=7.28.0", "eslint@8.37.0":
  "version" "8.37.0"
  dependencies:
    "@eslint-community/eslint-utils" "^4.2.0"
    "@eslint-community/regexpp" "^4.4.0"
    "@eslint/eslintrc" "^2.0.2"
    "@eslint/js" "8.37.0"
    "@humanwhocodes/config-array" "^0.11.8"
    "@humanwhocodes/module-importer" "^1.0.1"
    "@nodelib/fs.walk" "^1.2.8"
    "ajv" "^6.10.0"
    "chalk" "^4.0.0"
    "cross-spawn" "^7.0.2"
    "debug" "^4.3.2"
    "doctrine" "^3.0.0"
    "escape-string-regexp" "^4.0.0"
    "eslint-scope" "^7.1.1"
    "eslint-visitor-keys" "^3.4.0"
    "espree" "^9.5.1"
    "esquery" "^1.4.2"
    "esutils" "^2.0.2"
    "fast-deep-equal" "^3.1.3"
    "file-entry-cache" "^6.0.1"
    "find-up" "^5.0.0"
    "glob-parent" "^6.0.2"
    "globals" "^13.19.0"
    "grapheme-splitter" "^1.0.4"
    "ignore" "^5.2.0"
    "import-fresh" "^3.0.0"
    "imurmurhash" "^0.1.4"
    "is-glob" "^4.0.0"
    "is-path-inside" "^3.0.3"
    "js-sdsl" "^4.1.4"
    "js-yaml" "^4.1.0"
    "json-stable-stringify-without-jsonify" "^1.0.1"
    "levn" "^0.4.1"
    "lodash.merge" "^4.6.2"
    "minimatch" "^3.1.2"
    "natural-compare" "^1.4.0"
    "optionator" "^0.9.1"
    "strip-ansi" "^6.0.1"
    "strip-json-comments" "^3.1.0"
    "text-table" "^0.2.0"

"espree@^9.5.1":
  "version" "9.5.1"
  dependencies:
    "acorn" "^8.8.0"
    "acorn-jsx" "^5.3.2"
    "eslint-visitor-keys" "^3.4.0"

"esprima@^4.0.0":
  "version" "4.0.1"

"esquery@^1.4.2":
  "version" "1.5.0"
  dependencies:
    "estraverse" "^5.1.0"

"esrecurse@^4.3.0":
  "version" "4.3.0"
  dependencies:
    "estraverse" "^5.2.0"

"estraverse@^4.1.1":
  "version" "4.3.0"

"estraverse@^5.1.0", "estraverse@^5.2.0", "estraverse@^5.3.0":
  "version" "5.3.0"

"esutils@^2.0.2":
  "version" "2.0.3"

"eventemitter3@^4.0.4":
  "version" "4.0.7"

"exponential-backoff@^3.1.0":
  "version" "3.1.1"

"expr-eval@^2.0.2":
  "version" "2.0.2"

"fast-deep-equal@^3.1.1", "fast-deep-equal@^3.1.3":
  "version" "3.1.3"

"fast-diff@^1.1.2":
  "version" "1.2.0"

"fast-glob@^3.2.11", "fast-glob@^3.2.12", "fast-glob@^3.2.2", "fast-glob@^3.2.9":
  "version" "3.2.12"
  dependencies:
    "@nodelib/fs.stat" "^2.0.2"
    "@nodelib/fs.walk" "^1.2.3"
    "glob-parent" "^5.1.2"
    "merge2" "^1.3.0"
    "micromatch" "^4.0.4"

"fast-json-stable-stringify@^2.0.0":
  "version" "2.1.0"

"fast-levenshtein@^2.0.6":
  "version" "2.0.6"

"fastq@^1.6.0":
  "version" "1.15.0"
  dependencies:
    "reusify" "^1.0.4"

"file-entry-cache@^6.0.1":
  "version" "6.0.1"
  dependencies:
    "flat-cache" "^3.0.4"

"fill-range@^7.0.1":
  "version" "7.0.1"
  dependencies:
    "to-regex-range" "^5.0.1"

"find-up@^5.0.0":
  "version" "5.0.0"
  dependencies:
    "locate-path" "^6.0.0"
    "path-exists" "^4.0.0"

"flat-cache@^3.0.4":
  "version" "3.0.4"
  dependencies:
    "flatted" "^3.1.0"
    "rimraf" "^3.0.2"

"flat@^5.0.2":
  "version" "5.0.2"

"flatted@^3.1.0":
  "version" "3.2.7"

"follow-redirects@^1.14.8":
  "version" "1.15.2"

"for-each@^0.3.3":
  "version" "0.3.3"
  dependencies:
    "is-callable" "^1.1.3"

"form-data@^4.0.0":
  "version" "4.0.0"
  dependencies:
    "asynckit" "^0.4.0"
    "combined-stream" "^1.0.8"
    "mime-types" "^2.1.12"

"fraction.js@^4.2.0":
  "version" "4.2.0"

"fs-minipass@^2.0.0":
  "version" "2.1.0"
  dependencies:
    "minipass" "^3.0.0"

"fs.realpath@^1.0.0":
  "version" "1.0.0"

"function-bind@^1.1.1":
  "version" "1.1.1"

"function.prototype.name@^1.1.5":
  "version" "1.1.5"
  dependencies:
    "call-bind" "^1.0.2"
    "define-properties" "^1.1.3"
    "es-abstract" "^1.19.0"
    "functions-have-names" "^1.2.2"

"functions-have-names@^1.2.2":
  "version" "1.2.3"

"get-intrinsic@^1.0.2", "get-intrinsic@^1.1.1", "get-intrinsic@^1.1.3", "get-intrinsic@^1.2.0":
  "version" "1.2.0"
  dependencies:
    "function-bind" "^1.1.1"
    "has" "^1.0.3"
    "has-symbols" "^1.0.3"

"get-stream@^5.1.0":
  "version" "5.2.0"
  dependencies:
    "pump" "^3.0.0"

"get-symbol-description@^1.0.0":
  "version" "1.0.0"
  dependencies:
    "call-bind" "^1.0.2"
    "get-intrinsic" "^1.1.1"

"get-tsconfig@^4.5.0":
  "version" "4.5.0"

"glob-parent@^5.1.2", "glob-parent@~5.1.2":
  "version" "5.1.2"
  dependencies:
    "is-glob" "^4.0.1"

"glob-parent@^6.0.2":
  "version" "6.0.2"
  dependencies:
    "is-glob" "^4.0.3"

"glob@^7.1.3":
  "version" "7.2.3"
  dependencies:
    "fs.realpath" "^1.0.0"
    "inflight" "^1.0.4"
    "inherits" "2"
    "minimatch" "^3.1.1"
    "once" "^1.3.0"
    "path-is-absolute" "^1.0.0"

"glob@7.1.6":
  "version" "7.1.6"
  dependencies:
    "fs.realpath" "^1.0.0"
    "inflight" "^1.0.4"
    "inherits" "2"
    "minimatch" "^3.0.4"
    "once" "^1.3.0"
    "path-is-absolute" "^1.0.0"

"glob@7.1.7":
  "version" "7.1.7"
  dependencies:
    "fs.realpath" "^1.0.0"
    "inflight" "^1.0.4"
    "inherits" "2"
    "minimatch" "^3.0.4"
    "once" "^1.3.0"
    "path-is-absolute" "^1.0.0"

"globals@^13.19.0":
  "version" "13.20.0"
  dependencies:
    "type-fest" "^0.20.2"

"globalthis@^1.0.3":
  "version" "1.0.3"
  dependencies:
    "define-properties" "^1.1.3"

"globalyzer@0.1.0":
  "version" "0.1.0"

"globby@^11.0.1", "globby@^11.1.0":
  "version" "11.1.0"
  dependencies:
    "array-union" "^2.1.0"
    "dir-glob" "^3.0.1"
    "fast-glob" "^3.2.9"
    "ignore" "^5.2.0"
    "merge2" "^1.4.1"
    "slash" "^3.0.0"

"globby@^13.1.3":
  "version" "13.1.3"
  dependencies:
    "dir-glob" "^3.0.1"
    "fast-glob" "^3.2.11"
    "ignore" "^5.2.0"
    "merge2" "^1.4.1"
    "slash" "^4.0.0"

"globrex@^0.1.2":
  "version" "0.1.2"

"gopd@^1.0.1":
  "version" "1.0.1"
  dependencies:
    "get-intrinsic" "^1.1.3"

"got@^11.7.0":
  "version" "11.8.6"
  dependencies:
    "@sindresorhus/is" "^4.0.0"
    "@szmarczak/http-timer" "^4.0.5"
    "@types/cacheable-request" "^6.0.1"
    "@types/responselike" "^1.0.0"
    "cacheable-lookup" "^5.0.3"
    "cacheable-request" "^7.0.2"
    "decompress-response" "^6.0.0"
    "http2-wrapper" "^1.0.0-beta.5.2"
    "lowercase-keys" "^2.0.0"
    "p-cancelable" "^2.0.0"
    "responselike" "^2.0.0"

"graceful-fs@^4.2.4":
  "version" "4.2.11"

"grapheme-splitter@^1.0.4":
  "version" "1.0.4"

"has-bigints@^1.0.1", "has-bigints@^1.0.2":
  "version" "1.0.2"

"has-flag@^4.0.0":
  "version" "4.0.0"

"has-property-descriptors@^1.0.0":
  "version" "1.0.0"
  dependencies:
    "get-intrinsic" "^1.1.1"

"has-proto@^1.0.1":
  "version" "1.0.1"

"has-symbols@^1.0.2", "has-symbols@^1.0.3":
  "version" "1.0.3"

"has-tostringtag@^1.0.0":
  "version" "1.0.0"
  dependencies:
    "has-symbols" "^1.0.2"

"has@^1.0.3":
  "version" "1.0.3"
  dependencies:
    "function-bind" "^1.1.1"

"http-cache-semantics@^4.0.0":
  "version" "4.1.1"

"http2-wrapper@^1.0.0-beta.5.2":
  "version" "1.0.3"
  dependencies:
    "quick-lru" "^5.1.1"
    "resolve-alpn" "^1.0.0"

"ignore@^5.2.0":
  "version" "5.2.4"

"import-fresh@^3.0.0", "import-fresh@^3.2.1":
  "version" "3.3.0"
  dependencies:
    "parent-module" "^1.0.0"
    "resolve-from" "^4.0.0"

"imurmurhash@^0.1.4":
  "version" "0.1.4"

"inflight@^1.0.4":
  "version" "1.0.6"
  dependencies:
    "once" "^1.3.0"
    "wrappy" "1"

"inherits@2":
  "version" "2.0.4"

"internal-slot@^1.0.3", "internal-slot@^1.0.4", "internal-slot@^1.0.5":
  "version" "1.0.5"
  dependencies:
    "get-intrinsic" "^1.2.0"
    "has" "^1.0.3"
    "side-channel" "^1.0.4"

"is-arguments@^1.1.1":
  "version" "1.1.1"
  dependencies:
    "call-bind" "^1.0.2"
    "has-tostringtag" "^1.0.0"

"is-array-buffer@^3.0.1", "is-array-buffer@^3.0.2":
  "version" "3.0.2"
  dependencies:
    "call-bind" "^1.0.2"
    "get-intrinsic" "^1.2.0"
    "is-typed-array" "^1.1.10"

"is-bigint@^1.0.1":
  "version" "1.0.4"
  dependencies:
    "has-bigints" "^1.0.1"

"is-binary-path@^2.1.0", "is-binary-path@~2.1.0":
  "version" "2.1.0"
  dependencies:
    "binary-extensions" "^2.0.0"

"is-boolean-object@^1.1.0":
  "version" "1.1.2"
  dependencies:
    "call-bind" "^1.0.2"
    "has-tostringtag" "^1.0.0"

"is-callable@^1.1.3", "is-callable@^1.1.4", "is-callable@^1.2.7":
  "version" "1.2.7"

"is-core-module@^2.11.0", "is-core-module@^2.9.0":
  "version" "2.11.0"
  dependencies:
    "has" "^1.0.3"

"is-date-object@^1.0.1", "is-date-object@^1.0.5":
  "version" "1.0.5"
  dependencies:
    "has-tostringtag" "^1.0.0"

"is-docker@^2.0.0", "is-docker@^2.1.1":
  "version" "2.2.1"

"is-extglob@^2.1.1":
  "version" "2.1.1"

"is-glob@^4.0.0", "is-glob@^4.0.1", "is-glob@^4.0.3", "is-glob@~4.0.1":
  "version" "4.0.3"
  dependencies:
    "is-extglob" "^2.1.1"

"is-map@^2.0.1", "is-map@^2.0.2":
  "version" "2.0.2"

"is-negative-zero@^2.0.2":
  "version" "2.0.2"

"is-number-object@^1.0.4":
  "version" "1.0.7"
  dependencies:
    "has-tostringtag" "^1.0.0"

"is-number@^7.0.0":
  "version" "7.0.0"

"is-path-inside@^3.0.3":
  "version" "3.0.3"

"is-regex@^1.1.4":
  "version" "1.1.4"
  dependencies:
    "call-bind" "^1.0.2"
    "has-tostringtag" "^1.0.0"

"is-set@^2.0.1", "is-set@^2.0.2":
  "version" "2.0.2"

"is-shared-array-buffer@^1.0.2":
  "version" "1.0.2"
  dependencies:
    "call-bind" "^1.0.2"

"is-string@^1.0.5", "is-string@^1.0.7":
  "version" "1.0.7"
  dependencies:
    "has-tostringtag" "^1.0.0"

"is-symbol@^1.0.2", "is-symbol@^1.0.3":
  "version" "1.0.4"
  dependencies:
    "has-symbols" "^1.0.2"

"is-typed-array@^1.1.10", "is-typed-array@^1.1.9":
  "version" "1.1.10"
  dependencies:
    "available-typed-arrays" "^1.0.5"
    "call-bind" "^1.0.2"
    "for-each" "^0.3.3"
    "gopd" "^1.0.1"
    "has-tostringtag" "^1.0.0"

"is-weakmap@^2.0.1":
  "version" "2.0.1"

"is-weakref@^1.0.2":
  "version" "1.0.2"
  dependencies:
    "call-bind" "^1.0.2"

"is-weakset@^2.0.1":
  "version" "2.0.2"
  dependencies:
    "call-bind" "^1.0.2"
    "get-intrinsic" "^1.1.1"

"is-wsl@^2.2.0":
  "version" "2.2.0"
  dependencies:
    "is-docker" "^2.0.0"

"isarray@^2.0.5":
  "version" "2.0.5"

"isexe@^2.0.0":
  "version" "2.0.0"

"jiti@^1.17.2":
  "version" "1.18.2"

"js-sdsl@^4.1.4":
  "version" "4.4.0"

"js-tokens@^3.0.0 || ^4.0.0":
  "version" "4.0.0"

"js-yaml@^3.10.0":
  "version" "3.14.1"
  dependencies:
    "argparse" "^1.0.7"
    "esprima" "^4.0.0"

"js-yaml@^4.1.0":
  "version" "4.1.0"
  dependencies:
    "argparse" "^2.0.1"

"json-buffer@3.0.1":
  "version" "3.0.1"

"json-schema-traverse@^0.4.1":
  "version" "0.4.1"

"json-stable-stringify-without-jsonify@^1.0.1":
  "version" "1.0.1"

"json5@^1.0.2":
  "version" "1.0.2"
  dependencies:
    "minimist" "^1.2.0"

"jsonpointer@^5.0.1":
  "version" "5.0.1"

"jsx-ast-utils@^2.4.1 || ^3.0.0", "jsx-ast-utils@^3.3.3":
  "version" "3.3.3"
  dependencies:
    "array-includes" "^3.1.5"
    "object.assign" "^4.1.3"

"keyv@^4.0.0":
  "version" "4.5.2"
  dependencies:
    "json-buffer" "3.0.1"

"langchain@^0.0.49":
  "version" "0.0.49"
  dependencies:
    "@anthropic-ai/sdk" "^0.4.2"
    "@fortaine/fetch-event-source" "^3.0.6"
    "browser-or-node" "^2.1.1"
    "exponential-backoff" "^3.1.0"
    "expr-eval" "^2.0.2"
    "flat" "^5.0.2"
    "is-binary-path" "^2.1.0"
    "jsonpointer" "^5.0.1"
    "object-hash" "^3.0.0"
    "openai" "^3.2.0"
    "p-queue" "^6.6.2"
    "uuid" "^9.0.0"
    "yaml" "^2.2.1"
    "zod" "^3.21.4"

"language-subtag-registry@~0.3.2":
  "version" "0.3.22"

"language-tags@=1.0.5":
  "version" "1.0.5"
  dependencies:
    "language-subtag-registry" "~0.3.2"

"levn@^0.4.1":
  "version" "0.4.1"
  dependencies:
    "prelude-ls" "^1.2.1"
    "type-check" "~0.4.0"

"lilconfig@^2.0.5", "lilconfig@^2.0.6":
  "version" "2.1.0"

"lines-and-columns@^1.1.6":
  "version" "1.2.4"

"locate-path@^6.0.0":
  "version" "6.0.0"
  dependencies:
    "p-locate" "^5.0.0"

"lodash.merge@^4.6.2":
  "version" "4.6.2"

"lodash@^4.17.15":
  "version" "4.17.21"

"loose-envify@^1.1.0", "loose-envify@^1.4.0":
  "version" "1.4.0"
  dependencies:
    "js-tokens" "^3.0.0 || ^4.0.0"

"lowercase-keys@^2.0.0":
  "version" "2.0.0"

"lru-cache@^6.0.0":
  "version" "6.0.0"
  dependencies:
    "yallist" "^4.0.0"

"merge2@^1.3.0", "merge2@^1.4.1":
  "version" "1.4.1"

"micromatch@^4.0.2", "micromatch@^4.0.4", "micromatch@^4.0.5":
  "version" "4.0.5"
  dependencies:
    "braces" "^3.0.2"
    "picomatch" "^2.3.1"

"mime-db@1.52.0":
  "version" "1.52.0"

"mime-types@^2.1.12":
  "version" "2.1.35"
  dependencies:
    "mime-db" "1.52.0"

"mimic-response@^1.0.0":
  "version" "1.0.1"

"mimic-response@^3.1.0":
  "version" "3.1.0"

"minimatch@^3.0.4", "minimatch@^3.0.5", "minimatch@^3.1.1", "minimatch@^3.1.2":
  "version" "3.1.2"
  dependencies:
    "brace-expansion" "^1.1.7"

"minimist@^1.2.0", "minimist@^1.2.6":
  "version" "1.2.8"

"minipass@^3.0.0":
  "version" "3.3.6"
  dependencies:
    "yallist" "^4.0.0"

"minipass@^4.0.0":
  "version" "4.2.5"

"minizlib@^2.1.1":
  "version" "2.1.2"
  dependencies:
    "minipass" "^3.0.0"
    "yallist" "^4.0.0"

"mkdirp@^1.0.3":
  "version" "1.0.4"

"ms@^2.1.1":
  "version" "2.1.3"

"ms@2.1.2":
  "version" "2.1.2"

"mz@^2.7.0":
  "version" "2.7.0"
  dependencies:
    "any-promise" "^1.0.0"
    "object-assign" "^4.0.1"
    "thenify-all" "^1.0.0"

"nanoid@^3.3.4":
  "version" "3.3.6"

"natural-compare-lite@^1.4.0":
  "version" "1.4.0"

"natural-compare@^1.4.0":
  "version" "1.4.0"

"next@13.3.0":
  "version" "13.3.0"
  dependencies:
    "@next/env" "13.3.0"
    "@swc/helpers" "0.4.14"
    "busboy" "1.6.0"
    "caniuse-lite" "^1.0.30001406"
    "postcss" "8.4.14"
    "styled-jsx" "5.1.1"
  optionalDependencies:
    "@next/swc-darwin-arm64" "13.3.0"
    "@next/swc-darwin-x64" "13.3.0"
    "@next/swc-linux-arm64-gnu" "13.3.0"
    "@next/swc-linux-arm64-musl" "13.3.0"
    "@next/swc-linux-x64-gnu" "13.3.0"
    "@next/swc-linux-x64-musl" "13.3.0"
    "@next/swc-win32-arm64-msvc" "13.3.0"
    "@next/swc-win32-ia32-msvc" "13.3.0"
    "@next/swc-win32-x64-msvc" "13.3.0"

"node-fetch@2.6.7":
  "version" "2.6.7"
  dependencies:
    "whatwg-url" "^5.0.0"

"node-releases@^2.0.8":
  "version" "2.0.10"

"normalize-path@^3.0.0", "normalize-path@~3.0.0":
  "version" "3.0.0"

"normalize-range@^0.1.2":
  "version" "0.1.2"

"normalize-url@^6.0.1":
  "version" "6.1.0"

"object-assign@^4.0.1", "object-assign@^4.1.1":
  "version" "4.1.1"

"object-hash@^3.0.0":
  "version" "3.0.0"

"object-inspect@^1.12.3", "object-inspect@^1.9.0":
  "version" "1.12.3"

"object-is@^1.1.5":
  "version" "1.1.5"
  dependencies:
    "call-bind" "^1.0.2"
    "define-properties" "^1.1.3"

"object-keys@^1.1.1":
  "version" "1.1.1"

"object.assign@^4.1.3", "object.assign@^4.1.4":
  "version" "4.1.4"
  dependencies:
    "call-bind" "^1.0.2"
    "define-properties" "^1.1.4"
    "has-symbols" "^1.0.3"
    "object-keys" "^1.1.1"

"object.entries@^1.1.6":
  "version" "1.1.6"
  dependencies:
    "call-bind" "^1.0.2"
    "define-properties" "^1.1.4"
    "es-abstract" "^1.20.4"

"object.fromentries@^2.0.6":
  "version" "2.0.6"
  dependencies:
    "call-bind" "^1.0.2"
    "define-properties" "^1.1.4"
    "es-abstract" "^1.20.4"

"object.hasown@^1.1.2":
  "version" "1.1.2"
  dependencies:
    "define-properties" "^1.1.4"
    "es-abstract" "^1.20.4"

"object.values@^1.1.6":
  "version" "1.1.6"
  dependencies:
    "call-bind" "^1.0.2"
    "define-properties" "^1.1.4"
    "es-abstract" "^1.20.4"

"once@^1.3.0", "once@^1.3.1", "once@^1.4.0":
  "version" "1.4.0"
  dependencies:
    "wrappy" "1"

"open@^8.4.0":
  "version" "8.4.2"
  dependencies:
    "define-lazy-prop" "^2.0.0"
    "is-docker" "^2.1.1"
    "is-wsl" "^2.2.0"

"openai@^3.2.0":
  "version" "3.2.1"
  dependencies:
    "axios" "^0.26.0"
    "form-data" "^4.0.0"

"optionator@^0.9.1":
  "version" "0.9.1"
  dependencies:
    "deep-is" "^0.1.3"
    "fast-levenshtein" "^2.0.6"
    "levn" "^0.4.1"
    "prelude-ls" "^1.2.1"
    "type-check" "^0.4.0"
    "word-wrap" "^1.2.3"

"p-cancelable@^2.0.0":
  "version" "2.1.1"

"p-finally@^1.0.0":
  "version" "1.0.0"

"p-limit@^2.2.0":
  "version" "2.3.0"
  dependencies:
    "p-try" "^2.0.0"

"p-limit@^3.0.2":
  "version" "3.1.0"
  dependencies:
    "yocto-queue" "^0.1.0"

"p-locate@^5.0.0":
  "version" "5.0.0"
  dependencies:
    "p-limit" "^3.0.2"

"p-queue@^6.6.2":
  "version" "6.6.2"
  dependencies:
    "eventemitter3" "^4.0.4"
    "p-timeout" "^3.2.0"

"p-timeout@^3.2.0":
  "version" "3.2.0"
  dependencies:
    "p-finally" "^1.0.0"

"p-try@^2.0.0":
  "version" "2.2.0"

"parent-module@^1.0.0":
  "version" "1.0.1"
  dependencies:
    "callsites" "^3.0.0"

"path-exists@^4.0.0":
  "version" "4.0.0"

"path-is-absolute@^1.0.0":
  "version" "1.0.1"

"path-key@^3.1.0":
  "version" "3.1.1"

"path-parse@^1.0.7":
  "version" "1.0.7"

"path-type@^4.0.0":
  "version" "4.0.0"

"picocolors@^1.0.0":
  "version" "1.0.0"

"picomatch@^2.0.4", "picomatch@^2.2.1", "picomatch@^2.3.1":
  "version" "2.3.1"

"pify@^2.3.0":
  "version" "2.3.0"

"pirates@^4.0.1":
  "version" "4.0.5"

"postcss-import@^14.1.0":
  "version" "14.1.0"
  dependencies:
    "postcss-value-parser" "^4.0.0"
    "read-cache" "^1.0.0"
    "resolve" "^1.1.7"

"postcss-js@^4.0.0":
  "version" "4.0.1"
  dependencies:
    "camelcase-css" "^2.0.1"

"postcss-load-config@^3.1.4":
  "version" "3.1.4"
  dependencies:
    "lilconfig" "^2.0.5"
    "yaml" "^1.10.2"

"postcss-nested@6.0.0":
  "version" "6.0.0"
  dependencies:
    "postcss-selector-parser" "^6.0.10"

"postcss-selector-parser@^6.0.10", "postcss-selector-parser@^6.0.11":
  "version" "6.0.11"
  dependencies:
    "cssesc" "^3.0.0"
    "util-deprecate" "^1.0.2"

"postcss-value-parser@^4.0.0", "postcss-value-parser@^4.2.0":
  "version" "4.2.0"

"postcss@^8.0.0", "postcss@^8.0.9", "postcss@^8.1.0", "postcss@^8.2.14", "postcss@^8.4.21", "postcss@>=8.0.9", "postcss@8.4.21":
  "version" "8.4.21"
  dependencies:
    "nanoid" "^3.3.4"
    "picocolors" "^1.0.0"
    "source-map-js" "^1.0.2"

"postcss@8.4.14":
  "version" "8.4.14"
  dependencies:
    "nanoid" "^3.3.4"
    "picocolors" "^1.0.0"
    "source-map-js" "^1.0.2"

"prelude-ls@^1.2.1":
  "version" "1.2.1"

"prettier-linter-helpers@^1.0.0":
  "version" "1.0.0"
  dependencies:
    "fast-diff" "^1.1.2"

"prettier@>=2.0.0", "prettier@2.8.7":
  "version" "2.8.7"

"prop-types@^15.8.1":
  "version" "15.8.1"
  dependencies:
    "loose-envify" "^1.4.0"
    "object-assign" "^4.1.1"
    "react-is" "^16.13.1"

"pump@^3.0.0":
  "version" "3.0.0"
  dependencies:
    "end-of-stream" "^1.1.0"
    "once" "^1.3.1"

"punycode@^2.1.0":
  "version" "2.3.0"

"queue-microtask@^1.2.2":
  "version" "1.2.3"

"quick-lru@^5.1.1":
  "version" "5.1.1"

"react-dom@^16 || ^17 || ^18", "react-dom@^18.2.0", "react-dom@18.2.0":
  "version" "18.2.0"
  dependencies:
    "loose-envify" "^1.1.0"
    "scheduler" "^0.23.0"

"react-is@^16.13.1":
  "version" "16.13.1"

"react@^16 || ^17 || ^18", "react@^18.2.0", "react@>= 16.8.0 || 17.x.x || ^18.0.0-0", "react@18.2.0":
  "version" "18.2.0"
  dependencies:
    "loose-envify" "^1.1.0"

"read-cache@^1.0.0":
  "version" "1.0.0"
  dependencies:
    "pify" "^2.3.0"

"readdirp@~3.6.0":
  "version" "3.6.0"
  dependencies:
    "picomatch" "^2.2.1"

"regenerator-runtime@^0.13.11":
  "version" "0.13.11"

"regexp.prototype.flags@^1.4.3":
  "version" "1.4.3"
  dependencies:
    "call-bind" "^1.0.2"
    "define-properties" "^1.1.3"
    "functions-have-names" "^1.2.2"

"resolve-alpn@^1.0.0":
  "version" "1.2.1"

"resolve-from@^4.0.0":
  "version" "4.0.0"

"resolve@^1.1.7", "resolve@^1.22.1":
  "version" "1.22.2"
  dependencies:
    "is-core-module" "^2.11.0"
    "path-parse" "^1.0.7"
    "supports-preserve-symlinks-flag" "^1.0.0"

"resolve@^2.0.0-next.4":
  "version" "2.0.0-next.4"
  dependencies:
    "is-core-module" "^2.9.0"
    "path-parse" "^1.0.7"
    "supports-preserve-symlinks-flag" "^1.0.0"

"responselike@^2.0.0":
  "version" "2.0.1"
  dependencies:
    "lowercase-keys" "^2.0.0"

"reusify@^1.0.4":
  "version" "1.0.4"

"rimraf@^3.0.2":
  "version" "3.0.2"
  dependencies:
    "glob" "^7.1.3"

"run-parallel@^1.1.9":
  "version" "1.2.0"
  dependencies:
    "queue-microtask" "^1.2.2"

"safe-regex-test@^1.0.0":
  "version" "1.0.0"
  dependencies:
    "call-bind" "^1.0.2"
    "get-intrinsic" "^1.1.3"
    "is-regex" "^1.1.4"

"scheduler@^0.23.0":
  "version" "0.23.0"
  dependencies:
    "loose-envify" "^1.1.0"

"semver@^6.3.0":
  "version" "6.3.0"

"semver@^7.1.2", "semver@^7.3.7":
  "version" "7.3.8"
  dependencies:
    "lru-cache" "^6.0.0"

"shebang-command@^2.0.0":
  "version" "2.0.0"
  dependencies:
    "shebang-regex" "^3.0.0"

"shebang-regex@^3.0.0":
  "version" "3.0.0"

"side-channel@^1.0.4":
  "version" "1.0.4"
  dependencies:
    "call-bind" "^1.0.0"
    "get-intrinsic" "^1.0.2"
    "object-inspect" "^1.9.0"

"slash@^3.0.0":
  "version" "3.0.0"

"slash@^4.0.0":
  "version" "4.0.0"

"source-map-js@^1.0.2":
  "version" "1.0.2"

"sprintf-js@~1.0.2":
  "version" "1.0.3"

"stop-iteration-iterator@^1.0.0":
  "version" "1.0.0"
  dependencies:
    "internal-slot" "^1.0.4"

"streamsearch@^1.1.0":
  "version" "1.1.0"

"string.prototype.matchall@^4.0.8":
  "version" "4.0.8"
  dependencies:
    "call-bind" "^1.0.2"
    "define-properties" "^1.1.4"
    "es-abstract" "^1.20.4"
    "get-intrinsic" "^1.1.3"
    "has-symbols" "^1.0.3"
    "internal-slot" "^1.0.3"
    "regexp.prototype.flags" "^1.4.3"
    "side-channel" "^1.0.4"

"string.prototype.trim@^1.2.7":
  "version" "1.2.7"
  dependencies:
    "call-bind" "^1.0.2"
    "define-properties" "^1.1.4"
    "es-abstract" "^1.20.4"

"string.prototype.trimend@^1.0.6":
  "version" "1.0.6"
  dependencies:
    "call-bind" "^1.0.2"
    "define-properties" "^1.1.4"
    "es-abstract" "^1.20.4"

"string.prototype.trimstart@^1.0.6":
  "version" "1.0.6"
  dependencies:
    "call-bind" "^1.0.2"
    "define-properties" "^1.1.4"
    "es-abstract" "^1.20.4"

"strip-ansi@^6.0.0", "strip-ansi@^6.0.1":
  "version" "6.0.1"
  dependencies:
    "ansi-regex" "^5.0.1"

"strip-bom@^3.0.0":
  "version" "3.0.0"

"strip-json-comments@^3.1.0", "strip-json-comments@^3.1.1":
  "version" "3.1.1"

"styled-jsx@5.1.1":
  "version" "5.1.1"
  dependencies:
    "client-only" "0.0.1"

"sucrase@^3.29.0":
  "version" "3.31.0"
  dependencies:
    "commander" "^4.0.0"
    "glob" "7.1.6"
    "lines-and-columns" "^1.1.6"
    "mz" "^2.7.0"
    "pirates" "^4.0.1"
    "ts-interface-checker" "^0.1.9"

"supports-color@^7.1.0":
  "version" "7.2.0"
  dependencies:
    "has-flag" "^4.0.0"

"supports-preserve-symlinks-flag@^1.0.0":
  "version" "1.0.0"

"synckit@^0.8.5":
  "version" "0.8.5"
  dependencies:
    "@pkgr/utils" "^2.3.1"
    "tslib" "^2.5.0"

"tailwindcss@3.3.1":
  "version" "3.3.1"
  dependencies:
    "arg" "^5.0.2"
    "chokidar" "^3.5.3"
    "color-name" "^1.1.4"
    "didyoumean" "^1.2.2"
    "dlv" "^1.1.3"
    "fast-glob" "^3.2.12"
    "glob-parent" "^6.0.2"
    "is-glob" "^4.0.3"
    "jiti" "^1.17.2"
    "lilconfig" "^2.0.6"
    "micromatch" "^4.0.5"
    "normalize-path" "^3.0.0"
    "object-hash" "^3.0.0"
    "picocolors" "^1.0.0"
    "postcss" "^8.0.9"
    "postcss-import" "^14.1.0"
    "postcss-js" "^4.0.0"
    "postcss-load-config" "^3.1.4"
    "postcss-nested" "6.0.0"
    "postcss-selector-parser" "^6.0.11"
    "postcss-value-parser" "^4.2.0"
    "quick-lru" "^5.1.1"
    "resolve" "^1.22.1"
    "sucrase" "^3.29.0"

"tapable@^2.2.0":
  "version" "2.2.1"

"tar@^6.0.5":
  "version" "6.1.13"
  dependencies:
    "chownr" "^2.0.0"
    "fs-minipass" "^2.0.0"
    "minipass" "^4.0.0"
    "minizlib" "^2.1.1"
    "mkdirp" "^1.0.3"
    "yallist" "^4.0.0"

"text-table@^0.2.0":
  "version" "0.2.0"

"thenify-all@^1.0.0":
  "version" "1.6.0"
  dependencies:
    "thenify" ">= 3.1.0 < 4"

"thenify@>= 3.1.0 < 4":
  "version" "3.3.1"
  dependencies:
    "any-promise" "^1.0.0"

"tiny-glob@^0.2.9":
  "version" "0.2.9"
  dependencies:
    "globalyzer" "0.1.0"
    "globrex" "^0.1.2"

"tinylogic@^2.0.0":
  "version" "2.0.0"

"to-regex-range@^5.0.1":
  "version" "5.0.1"
  dependencies:
    "is-number" "^7.0.0"

"tr46@~0.0.3":
  "version" "0.0.3"

"treeify@^1.1.0":
  "version" "1.1.0"

"ts-interface-checker@^0.1.9":
  "version" "0.1.13"

"tsconfig-paths@^3.14.1":
  "version" "3.14.2"
  dependencies:
    "@types/json5" "^0.0.29"
    "json5" "^1.0.2"
    "minimist" "^1.2.6"
    "strip-bom" "^3.0.0"

"tslib@^1.8.1":
  "version" "1.14.1"

"tslib@^2.4.0", "tslib@^2.5.0":
  "version" "2.5.0"

"tsutils@^3.21.0":
  "version" "3.21.0"
  dependencies:
    "tslib" "^1.8.1"

"tunnel@^0.0.6":
  "version" "0.0.6"

"typanion@^3.8.0":
  "version" "3.12.1"

"type-check@^0.4.0", "type-check@~0.4.0":
  "version" "0.4.0"
  dependencies:
    "prelude-ls" "^1.2.1"

"type-fest@^0.20.2":
  "version" "0.20.2"

"typed-array-length@^1.0.4":
  "version" "1.0.4"
  dependencies:
    "call-bind" "^1.0.2"
    "for-each" "^0.3.3"
    "is-typed-array" "^1.1.9"

"typescript@>=2.8.0 || >= 3.2.0-dev || >= 3.3.0-dev || >= 3.4.0-dev || >= 3.5.0-dev || >= 3.6.0-dev || >= 3.6.0-beta || >= 3.7.0-dev || >= 3.7.0-beta", "typescript@>=3.3.1", "typescript@5.0.3":
  "version" "5.0.3"

"unbox-primitive@^1.0.2":
  "version" "1.0.2"
  dependencies:
    "call-bind" "^1.0.2"
    "has-bigints" "^1.0.2"
    "has-symbols" "^1.0.3"
    "which-boxed-primitive" "^1.0.2"

"update-browserslist-db@^1.0.10":
  "version" "1.0.10"
  dependencies:
    "escalade" "^3.1.1"
    "picocolors" "^1.0.0"

"uri-js@^4.2.2":
  "version" "4.4.1"
  dependencies:
    "punycode" "^2.1.0"

"util-deprecate@^1.0.2":
  "version" "1.0.2"

"uuid@^9.0.0":
  "version" "9.0.0"

"webidl-conversions@^3.0.0":
  "version" "3.0.1"

"whatwg-url@^5.0.0":
  "version" "5.0.0"
  dependencies:
    "tr46" "~0.0.3"
    "webidl-conversions" "^3.0.0"

"which-boxed-primitive@^1.0.2":
  "version" "1.0.2"
  dependencies:
    "is-bigint" "^1.0.1"
    "is-boolean-object" "^1.1.0"
    "is-number-object" "^1.0.4"
    "is-string" "^1.0.5"
    "is-symbol" "^1.0.3"

"which-collection@^1.0.1":
  "version" "1.0.1"
  dependencies:
    "is-map" "^2.0.1"
    "is-set" "^2.0.1"
    "is-weakmap" "^2.0.1"
    "is-weakset" "^2.0.1"

"which-typed-array@^1.1.9":
  "version" "1.1.9"
  dependencies:
    "available-typed-arrays" "^1.0.5"
    "call-bind" "^1.0.2"
    "for-each" "^0.3.3"
    "gopd" "^1.0.1"
    "has-tostringtag" "^1.0.0"
    "is-typed-array" "^1.1.10"

"which@^2.0.1":
  "version" "2.0.2"
  dependencies:
    "isexe" "^2.0.0"

"word-wrap@^1.2.3":
  "version" "1.2.3"

"wrappy@1":
  "version" "1.0.2"

"yallist@^4.0.0":
  "version" "4.0.0"

"yaml@^1.10.2":
  "version" "1.10.2"

"yaml@^2.2.1":
  "version" "2.2.1"

"yocto-queue@^0.1.0":
  "version" "0.1.0"

"zod@^3.21.4":
  "version" "3.21.4"
